// !$*UTF8*$!
{
	archiveVersion = 1;
	classes = {
	};
	objectVersion = 46;
	objects = {

/* Begin PBXBuildFile section */
		C1422DCF1D96327F00D9EF54 /* HEY READ THIS FILE.swift in Sources */ = {isa = PBXBuildFile; fileRef = C1422DCE1D96327F00D9EF54 /* HEY READ THIS FILE.swift */; };
		C1422DD11D96419600D9EF54 /* TODO AND IDEAS.swift in Sources */ = {isa = PBXBuildFile; fileRef = C1422DD01D96419600D9EF54 /* TODO AND IDEAS.swift */; };
		C1422DDB1D964CAC00D9EF54 /* tester test.swift in Sources */ = {isa = PBXBuildFile; fileRef = C1422DDA1D964CAC00D9EF54 /* tester test.swift */; };
		C1422DDC1D964CAC00D9EF54 /* tester test.swift in Sources */ = {isa = PBXBuildFile; fileRef = C1422DDA1D964CAC00D9EF54 /* tester test.swift */; };
		C1422DE31D96552300D9EF54 /* SavedVariables.swift in Sources */ = {isa = PBXBuildFile; fileRef = C1422DE21D96552300D9EF54 /* SavedVariables.swift */; };
		C153039B1DA92A4F008C8C0C /* OMFG.mp3 in Resources */ = {isa = PBXBuildFile; fileRef = C153039A1DA92A4F008C8C0C /* OMFG.mp3 */; };
		C18B22921D7A25990008A65B /* AppDelegate.swift in Sources */ = {isa = PBXBuildFile; fileRef = C18B22911D7A25990008A65B /* AppDelegate.swift */; };
		C18B22941D7A25990008A65B /* GameScene.sks in Resources */ = {isa = PBXBuildFile; fileRef = C18B22931D7A25990008A65B /* GameScene.sks */; };
		C18B22961D7A25990008A65B /* GameScene.swift in Sources */ = {isa = PBXBuildFile; fileRef = C18B22951D7A25990008A65B /* GameScene.swift */; };
		C18B22981D7A25990008A65B /* GameViewController.swift in Sources */ = {isa = PBXBuildFile; fileRef = C18B22971D7A25990008A65B /* GameViewController.swift */; };
		C18B229B1D7A25990008A65B /* Main.storyboard in Resources */ = {isa = PBXBuildFile; fileRef = C18B22991D7A25990008A65B /* Main.storyboard */; };
		C18B229D1D7A25990008A65B /* Assets.xcassets in Resources */ = {isa = PBXBuildFile; fileRef = C18B229C1D7A25990008A65B /* Assets.xcassets */; };
		C18B22A01D7A25990008A65B /* LaunchScreen.storyboard in Resources */ = {isa = PBXBuildFile; fileRef = C18B229E1D7A25990008A65B /* LaunchScreen.storyboard */; };
		C18B22AB1D7A259A0008A65B /* Arena_v1Tests.swift in Sources */ = {isa = PBXBuildFile; fileRef = C18B22AA1D7A259A0008A65B /* Arena_v1Tests.swift */; };
		C18B22B61D7A259A0008A65B /* Arena_v1UITests.swift in Sources */ = {isa = PBXBuildFile; fileRef = C18B22B51D7A259A0008A65B /* Arena_v1UITests.swift */; };
		C18B22C51D7A25CD0008A65B /* GameUtilities.swift in Sources */ = {isa = PBXBuildFile; fileRef = C18B22C41D7A25CD0008A65B /* GameUtilities.swift */; };
		C18B22C71D7A26CB0008A65B /* Engine.swift in Sources */ = {isa = PBXBuildFile; fileRef = C18B22C61D7A26CB0008A65B /* Engine.swift */; };
		C19EA8B01DA5F4BE00749240 /* GameRotation.swift in Sources */ = {isa = PBXBuildFile; fileRef = C19EA8AF1DA5F4BE00749240 /* GameRotation.swift */; };
		C1AEC4FA1D7D811A00821CDB /* GameEnemy.swift in Sources */ = {isa = PBXBuildFile; fileRef = C1AEC4F91D7D811A00821CDB /* GameEnemy.swift */; };
		C1B1C36D1D7BD31600739B36 /* GameCircle.swift in Sources */ = {isa = PBXBuildFile; fileRef = C1B1C36C1D7BD31600739B36 /* GameCircle.swift */; };
		C1CCD99B1D94EBA600738273 /* Globes protocols extensions.swift in Sources */ = {isa = PBXBuildFile; fileRef = C1CCD99A1D94EBA600738273 /* Globes protocols extensions.swift */; };
		C1CD07661D9E22810064F50E /* GameStructs.swift in Sources */ = {isa = PBXBuildFile; fileRef = C1CD07651D9E22810064F50E /* GameStructs.swift */; };
		C1CD07691D9E68BE0064F50E /* GameFuncs.swift in Sources */ = {isa = PBXBuildFile; fileRef = C1CD07681D9E68BE0064F50E /* GameFuncs.swift */; };
/* End PBXBuildFile section */

/* Begin PBXContainerItemProxy section */
		C18B22A71D7A259A0008A65B /* PBXContainerItemProxy */ = {
			isa = PBXContainerItemProxy;
			containerPortal = C18B22861D7A25990008A65B /* Project object */;
			proxyType = 1;
			remoteGlobalIDString = C18B228D1D7A25990008A65B;
			remoteInfo = "Arena v1";
		};
		C18B22B21D7A259A0008A65B /* PBXContainerItemProxy */ = {
			isa = PBXContainerItemProxy;
			containerPortal = C18B22861D7A25990008A65B /* Project object */;
			proxyType = 1;
			remoteGlobalIDString = C18B228D1D7A25990008A65B;
			remoteInfo = "Arena v1";
		};
/* End PBXContainerItemProxy section */

/* Begin PBXFileReference section */
		C14203581D950F0B00A50EAD /* Arena Templates.playground */ = {isa = PBXFileReference; lastKnownFileType = file.playground; path = "Arena Templates.playground"; sourceTree = "<group>"; };
		C1422DCB1D961C6000D9EF54 /* Arena PG 2.playground */ = {isa = PBXFileReference; lastKnownFileType = file.playground; path = "Arena PG 2.playground"; sourceTree = "<group>"; };
		C1422DCE1D96327F00D9EF54 /* HEY READ THIS FILE.swift */ = {isa = PBXFileReference; fileEncoding = 4; lastKnownFileType = sourcecode.swift; path = "HEY READ THIS FILE.swift"; sourceTree = "<group>"; };
		C1422DD01D96419600D9EF54 /* TODO AND IDEAS.swift */ = {isa = PBXFileReference; fileEncoding = 4; lastKnownFileType = sourcecode.swift; path = "TODO AND IDEAS.swift"; sourceTree = "<group>"; };
		C1422DDA1D964CAC00D9EF54 /* tester test.swift */ = {isa = PBXFileReference; fileEncoding = 4; lastKnownFileType = sourcecode.swift; path = "tester test.swift"; sourceTree = "<group>"; };
		C1422DE21D96552300D9EF54 /* SavedVariables.swift */ = {isa = PBXFileReference; fileEncoding = 4; lastKnownFileType = sourcecode.swift; path = SavedVariables.swift; sourceTree = "<group>"; };
		C153039A1DA92A4F008C8C0C /* OMFG.mp3 */ = {isa = PBXFileReference; lastKnownFileType = audio.mp3; path = OMFG.mp3; sourceTree = "<group>"; };
		C18B228E1D7A25990008A65B /* Arena v1.app */ = {isa = PBXFileReference; explicitFileType = wrapper.application; includeInIndex = 0; path = "Arena v1.app"; sourceTree = BUILT_PRODUCTS_DIR; };
		C18B22911D7A25990008A65B /* AppDelegate.swift */ = {isa = PBXFileReference; lastKnownFileType = sourcecode.swift; name = AppDelegate.swift; path = "Arena v1/AppDelegate.swift"; sourceTree = "<group>"; };
		C18B22931D7A25990008A65B /* GameScene.sks */ = {isa = PBXFileReference; lastKnownFileType = file.sks; path = GameScene.sks; sourceTree = "<group>"; };
		C18B22951D7A25990008A65B /* GameScene.swift */ = {isa = PBXFileReference; lastKnownFileType = sourcecode.swift; path = GameScene.swift; sourceTree = "<group>"; };
		C18B22971D7A25990008A65B /* GameViewController.swift */ = {isa = PBXFileReference; lastKnownFileType = sourcecode.swift; name = GameViewController.swift; path = "Arena v1/GameViewController.swift"; sourceTree = "<group>"; };
		C18B229A1D7A25990008A65B /* Base */ = {isa = PBXFileReference; lastKnownFileType = file.storyboard; name = Base; path = Base.lproj/Main.storyboard; sourceTree = "<group>"; };
		C18B229C1D7A25990008A65B /* Assets.xcassets */ = {isa = PBXFileReference; lastKnownFileType = folder.assetcatalog; path = Assets.xcassets; sourceTree = "<group>"; };
		C18B229F1D7A25990008A65B /* Base */ = {isa = PBXFileReference; lastKnownFileType = file.storyboard; name = Base; path = Base.lproj/LaunchScreen.storyboard; sourceTree = "<group>"; };
		C18B22A11D7A25990008A65B /* Info.plist */ = {isa = PBXFileReference; lastKnownFileType = text.plist.xml; name = Info.plist; path = "Arena v1/Info.plist"; sourceTree = "<group>"; };
		C18B22A61D7A259A0008A65B /* Arena v1Tests.xctest */ = {isa = PBXFileReference; explicitFileType = wrapper.cfbundle; includeInIndex = 0; path = "Arena v1Tests.xctest"; sourceTree = BUILT_PRODUCTS_DIR; };
		C18B22AA1D7A259A0008A65B /* Arena_v1Tests.swift */ = {isa = PBXFileReference; lastKnownFileType = sourcecode.swift; path = Arena_v1Tests.swift; sourceTree = "<group>"; };
		C18B22AC1D7A259A0008A65B /* Info.plist */ = {isa = PBXFileReference; lastKnownFileType = text.plist.xml; path = Info.plist; sourceTree = "<group>"; };
		C18B22B11D7A259A0008A65B /* Arena v1UITests.xctest */ = {isa = PBXFileReference; explicitFileType = wrapper.cfbundle; includeInIndex = 0; path = "Arena v1UITests.xctest"; sourceTree = BUILT_PRODUCTS_DIR; };
		C18B22B51D7A259A0008A65B /* Arena_v1UITests.swift */ = {isa = PBXFileReference; lastKnownFileType = sourcecode.swift; path = Arena_v1UITests.swift; sourceTree = "<group>"; };
		C18B22B71D7A259A0008A65B /* Info.plist */ = {isa = PBXFileReference; lastKnownFileType = text.plist.xml; path = Info.plist; sourceTree = "<group>"; };
		C18B22C41D7A25CD0008A65B /* GameUtilities.swift */ = {isa = PBXFileReference; fileEncoding = 4; lastKnownFileType = sourcecode.swift; path = GameUtilities.swift; sourceTree = "<group>"; };
		C18B22C61D7A26CB0008A65B /* Engine.swift */ = {isa = PBXFileReference; fileEncoding = 4; lastKnownFileType = sourcecode.swift; path = Engine.swift; sourceTree = "<group>"; };
		C19EA8AF1DA5F4BE00749240 /* GameRotation.swift */ = {isa = PBXFileReference; fileEncoding = 4; lastKnownFileType = sourcecode.swift; path = GameRotation.swift; sourceTree = "<group>"; };
		C1AEC4F91D7D811A00821CDB /* GameEnemy.swift */ = {isa = PBXFileReference; fileEncoding = 4; lastKnownFileType = sourcecode.swift; path = GameEnemy.swift; sourceTree = "<group>"; };
		C1B1C36C1D7BD31600739B36 /* GameCircle.swift */ = {isa = PBXFileReference; fileEncoding = 4; lastKnownFileType = sourcecode.swift; path = GameCircle.swift; sourceTree = "<group>"; };
		C1CCD99A1D94EBA600738273 /* Globes protocols extensions.swift */ = {isa = PBXFileReference; fileEncoding = 4; lastKnownFileType = sourcecode.swift; path = "Globes protocols extensions.swift"; sourceTree = "<group>"; };
		C1CD07651D9E22810064F50E /* GameStructs.swift */ = {isa = PBXFileReference; fileEncoding = 4; lastKnownFileType = sourcecode.swift; path = GameStructs.swift; sourceTree = "<group>"; };
		C1CD07681D9E68BE0064F50E /* GameFuncs.swift */ = {isa = PBXFileReference; fileEncoding = 4; lastKnownFileType = sourcecode.swift; path = GameFuncs.swift; sourceTree = "<group>"; };
/* End PBXFileReference section */

/* Begin PBXFrameworksBuildPhase section */
		C18B228B1D7A25990008A65B /* Frameworks */ = {
			isa = PBXFrameworksBuildPhase;
			buildActionMask = 2147483647;
			files = (
			);
			runOnlyForDeploymentPostprocessing = 0;
		};
		C18B22A31D7A259A0008A65B /* Frameworks */ = {
			isa = PBXFrameworksBuildPhase;
			buildActionMask = 2147483647;
			files = (
			);
			runOnlyForDeploymentPostprocessing = 0;
		};
		C18B22AE1D7A259A0008A65B /* Frameworks */ = {
			isa = PBXFrameworksBuildPhase;
			buildActionMask = 2147483647;
			files = (
			);
			runOnlyForDeploymentPostprocessing = 0;
		};
/* End PBXFrameworksBuildPhase section */

/* Begin PBXGroup section */
		C1422DD81D964BC100D9EF54 /* finished */ = {
			isa = PBXGroup;
			children = (
				C1B1C36C1D7BD31600739B36 /* GameCircle.swift */,
				C18B22C41D7A25CD0008A65B /* GameUtilities.swift */,
			);
			name = finished;
			sourceTree = "<group>";
		};
		C1422DD91D964BFA00D9EF54 /* other */ = {
			isa = PBXGroup;
			children = (
				C18B22A91D7A259A0008A65B /* Arena v1Tests */,
				C18B22B41D7A259A0008A65B /* Arena v1UITests */,
				C18B22C31D7A25AB0008A65B /* junk */,
			);
			name = other;
			sourceTree = "<group>";
		};
		C1422DDD1D964E1A00D9EF54 /* misc */ = {
			isa = PBXGroup;
			children = (
				C1422DCE1D96327F00D9EF54 /* HEY READ THIS FILE.swift */,
				C1422DE21D96552300D9EF54 /* SavedVariables.swift */,
				C18B22C61D7A26CB0008A65B /* Engine.swift */,
				C1CCD99A1D94EBA600738273 /* Globes protocols extensions.swift */,
			);
			name = misc;
			sourceTree = "<group>";
		};
		C1422DDE1D964E7A00D9EF54 /* experimental */ = {
			isa = PBXGroup;
			children = (
			);
			name = experimental;
			sourceTree = "<group>";
		};
		C1422DDF1D964E9E00D9EF54 /* main */ = {
			isa = PBXGroup;
			children = (
				C1422DD01D96419600D9EF54 /* TODO AND IDEAS.swift */,
				C19EA8AF1DA5F4BE00749240 /* GameRotation.swift */,
				C18B22951D7A25990008A65B /* GameScene.swift */,
				C1CD07651D9E22810064F50E /* GameStructs.swift */,
				C1AEC4F91D7D811A00821CDB /* GameEnemy.swift */,
				C1CD07681D9E68BE0064F50E /* GameFuncs.swift */,
			);
			name = main;
			sourceTree = "<group>";
		};
		C1422DE01D964EC100D9EF54 /* do later */ = {
			isa = PBXGroup;
			children = (
			);
			name = "do later";
			sourceTree = "<group>";
		};
		C1422DE11D96548B00D9EF54 /* Scene Editor */ = {
			isa = PBXGroup;
			children = (
				C153039A1DA92A4F008C8C0C /* OMFG.mp3 */,
				C18B22931D7A25990008A65B /* GameScene.sks */,
				C18B229C1D7A25990008A65B /* Assets.xcassets */,
			);
			name = "Scene Editor";
			sourceTree = "<group>";
		};
		C18B22851D7A25990008A65B = {
			isa = PBXGroup;
			children = (
				C1422DD91D964BFA00D9EF54 /* other */,
				C1422DCB1D961C6000D9EF54 /* Arena PG 2.playground */,
				C14203581D950F0B00A50EAD /* Arena Templates.playground */,
				C18B22901D7A25990008A65B /* Arena v1 */,
			);
			sourceTree = "<group>";
		};
		C18B228F1D7A25990008A65B /* Products */ = {
			isa = PBXGroup;
			children = (
				C18B228E1D7A25990008A65B /* Arena v1.app */,
				C18B22A61D7A259A0008A65B /* Arena v1Tests.xctest */,
				C18B22B11D7A259A0008A65B /* Arena v1UITests.xctest */,
			);
			name = Products;
			sourceTree = "<group>";
		};
		C18B22901D7A25990008A65B /* Arena v1 */ = {
			isa = PBXGroup;
			children = (
				C1422DDF1D964E9E00D9EF54 /* main */,
				C1422DDE1D964E7A00D9EF54 /* experimental */,
				C1422DD81D964BC100D9EF54 /* finished */,
				C1B1C36B1D7BD2EE00739B36 /* in progress */,
				C1422DE01D964EC100D9EF54 /* do later */,
				C1422DDD1D964E1A00D9EF54 /* misc */,
				C1422DE11D96548B00D9EF54 /* Scene Editor */,
			);
			path = "Arena v1";
			sourceTree = "<group>";
		};
		C18B22A91D7A259A0008A65B /* Arena v1Tests */ = {
			isa = PBXGroup;
			children = (
				C18B22AA1D7A259A0008A65B /* Arena_v1Tests.swift */,
				C1422DDA1D964CAC00D9EF54 /* tester test.swift */,
				C18B22AC1D7A259A0008A65B /* Info.plist */,
			);
			path = "Arena v1Tests";
			sourceTree = "<group>";
		};
		C18B22B41D7A259A0008A65B /* Arena v1UITests */ = {
			isa = PBXGroup;
			children = (
				C18B22B51D7A259A0008A65B /* Arena_v1UITests.swift */,
				C18B22B71D7A259A0008A65B /* Info.plist */,
			);
			path = "Arena v1UITests";
			sourceTree = "<group>";
		};
		C18B22C31D7A25AB0008A65B /* junk */ = {
			isa = PBXGroup;
			children = (
				C18B22911D7A25990008A65B /* AppDelegate.swift */,
				C18B22971D7A25990008A65B /* GameViewController.swift */,
				C18B22991D7A25990008A65B /* Main.storyboard */,
				C18B229E1D7A25990008A65B /* LaunchScreen.storyboard */,
				C18B22A11D7A25990008A65B /* Info.plist */,
				C18B228F1D7A25990008A65B /* Products */,
			);
			name = junk;
			sourceTree = "<group>";
		};
		C1B1C36B1D7BD2EE00739B36 /* in progress */ = {
			isa = PBXGroup;
			children = (
			);
			name = "in progress";
			sourceTree = "<group>";
		};
/* End PBXGroup section */

/* Begin PBXNativeTarget section */
		C18B228D1D7A25990008A65B /* Arena v1 */ = {
			isa = PBXNativeTarget;
			buildConfigurationList = C18B22BA1D7A259A0008A65B /* Build configuration list for PBXNativeTarget "Arena v1" */;
			buildPhases = (
				C18B228A1D7A25990008A65B /* Sources */,
				C18B228B1D7A25990008A65B /* Frameworks */,
				C18B228C1D7A25990008A65B /* Resources */,
			);
			buildRules = (
			);
			dependencies = (
			);
			name = "Arena v1";
			productName = "Arena v1";
			productReference = C18B228E1D7A25990008A65B /* Arena v1.app */;
			productType = "com.apple.product-type.application";
		};
		C18B22A51D7A259A0008A65B /* Arena v1Tests */ = {
			isa = PBXNativeTarget;
			buildConfigurationList = C18B22BD1D7A259A0008A65B /* Build configuration list for PBXNativeTarget "Arena v1Tests" */;
			buildPhases = (
				C18B22A21D7A259A0008A65B /* Sources */,
				C18B22A31D7A259A0008A65B /* Frameworks */,
				C18B22A41D7A259A0008A65B /* Resources */,
			);
			buildRules = (
			);
			dependencies = (
				C18B22A81D7A259A0008A65B /* PBXTargetDependency */,
			);
			name = "Arena v1Tests";
			productName = "Arena v1Tests";
			productReference = C18B22A61D7A259A0008A65B /* Arena v1Tests.xctest */;
			productType = "com.apple.product-type.bundle.unit-test";
		};
		C18B22B01D7A259A0008A65B /* Arena v1UITests */ = {
			isa = PBXNativeTarget;
			buildConfigurationList = C18B22C01D7A259A0008A65B /* Build configuration list for PBXNativeTarget "Arena v1UITests" */;
			buildPhases = (
				C18B22AD1D7A259A0008A65B /* Sources */,
				C18B22AE1D7A259A0008A65B /* Frameworks */,
				C18B22AF1D7A259A0008A65B /* Resources */,
			);
			buildRules = (
			);
			dependencies = (
				C18B22B31D7A259A0008A65B /* PBXTargetDependency */,
			);
			name = "Arena v1UITests";
			productName = "Arena v1UITests";
			productReference = C18B22B11D7A259A0008A65B /* Arena v1UITests.xctest */;
			productType = "com.apple.product-type.bundle.ui-testing";
		};
/* End PBXNativeTarget section */

/* Begin PBXProject section */
		C18B22861D7A25990008A65B /* Project object */ = {
			isa = PBXProject;
			attributes = {
				LastSwiftUpdateCheck = 0730;
				LastUpgradeCheck = 0730;
				ORGANIZATIONNAME = "Dude Guy ";
				TargetAttributes = {
					C18B228D1D7A25990008A65B = {
						CreatedOnToolsVersion = 7.3.1;
						DevelopmentTeam = UT65PER42P;
					};
					C18B22A51D7A259A0008A65B = {
						CreatedOnToolsVersion = 7.3.1;
						TestTargetID = C18B228D1D7A25990008A65B;
					};
					C18B22B01D7A259A0008A65B = {
						CreatedOnToolsVersion = 7.3.1;
						TestTargetID = C18B228D1D7A25990008A65B;
					};
				};
			};
			buildConfigurationList = C18B22891D7A25990008A65B /* Build configuration list for PBXProject "Arena v1" */;
			compatibilityVersion = "Xcode 3.2";
			developmentRegion = English;
			hasScannedForEncodings = 0;
			knownRegions = (
				en,
				Base,
			);
			mainGroup = C18B22851D7A25990008A65B;
			productRefGroup = C18B228F1D7A25990008A65B /* Products */;
			projectDirPath = "";
			projectRoot = "";
			targets = (
				C18B228D1D7A25990008A65B /* Arena v1 */,
				C18B22A51D7A259A0008A65B /* Arena v1Tests */,
				C18B22B01D7A259A0008A65B /* Arena v1UITests */,
			);
		};
/* End PBXProject section */

/* Begin PBXResourcesBuildPhase section */
		C18B228C1D7A25990008A65B /* Resources */ = {
			isa = PBXResourcesBuildPhase;
			buildActionMask = 2147483647;
			files = (
				C18B22941D7A25990008A65B /* GameScene.sks in Resources */,
				C18B22A01D7A25990008A65B /* LaunchScreen.storyboard in Resources */,
				C153039B1DA92A4F008C8C0C /* OMFG.mp3 in Resources */,
				C18B229D1D7A25990008A65B /* Assets.xcassets in Resources */,
				C18B229B1D7A25990008A65B /* Main.storyboard in Resources */,
			);
			runOnlyForDeploymentPostprocessing = 0;
		};
		C18B22A41D7A259A0008A65B /* Resources */ = {
			isa = PBXResourcesBuildPhase;
			buildActionMask = 2147483647;
			files = (
			);
			runOnlyForDeploymentPostprocessing = 0;
		};
		C18B22AF1D7A259A0008A65B /* Resources */ = {
			isa = PBXResourcesBuildPhase;
			buildActionMask = 2147483647;
			files = (
			);
			runOnlyForDeploymentPostprocessing = 0;
		};
/* End PBXResourcesBuildPhase section */

/* Begin PBXSourcesBuildPhase section */
		C18B228A1D7A25990008A65B /* Sources */ = {
			isa = PBXSourcesBuildPhase;
			buildActionMask = 2147483647;
			files = (
				C1CCD99B1D94EBA600738273 /* Globes protocols extensions.swift in Sources */,
				C18B22961D7A25990008A65B /* GameScene.swift in Sources */,
				C18B22981D7A25990008A65B /* GameViewController.swift in Sources */,
				C1CD07691D9E68BE0064F50E /* GameFuncs.swift in Sources */,
				C18B22921D7A25990008A65B /* AppDelegate.swift in Sources */,
				C18B22C51D7A25CD0008A65B /* GameUtilities.swift in Sources */,
				C18B22C71D7A26CB0008A65B /* Engine.swift in Sources */,
				C1B1C36D1D7BD31600739B36 /* GameCircle.swift in Sources */,
				C1422DD11D96419600D9EF54 /* TODO AND IDEAS.swift in Sources */,
				C1AEC4FA1D7D811A00821CDB /* GameEnemy.swift in Sources */,
				C1422DCF1D96327F00D9EF54 /* HEY READ THIS FILE.swift in Sources */,
				C1422DE31D96552300D9EF54 /* SavedVariables.swift in Sources */,
				C1CD07661D9E22810064F50E /* GameStructs.swift in Sources */,
				C19EA8B01DA5F4BE00749240 /* GameRotation.swift in Sources */,
			);
			runOnlyForDeploymentPostprocessing = 0;
		};
		C18B22A21D7A259A0008A65B /* Sources */ = {
			isa = PBXSourcesBuildPhase;
			buildActionMask = 2147483647;
			files = (
				C18B22AB1D7A259A0008A65B /* Arena_v1Tests.swift in Sources */,
				C1422DDB1D964CAC00D9EF54 /* tester test.swift in Sources */,
			);
			runOnlyForDeploymentPostprocessing = 0;
		};
		C18B22AD1D7A259A0008A65B /* Sources */ = {
			isa = PBXSourcesBuildPhase;
			buildActionMask = 2147483647;
			files = (
				C18B22B61D7A259A0008A65B /* Arena_v1UITests.swift in Sources */,
				C1422DDC1D964CAC00D9EF54 /* tester test.swift in Sources */,
			);
			runOnlyForDeploymentPostprocessing = 0;
		};
/* End PBXSourcesBuildPhase section */

/* Begin PBXTargetDependency section */
		C18B22A81D7A259A0008A65B /* PBXTargetDependency */ = {
			isa = PBXTargetDependency;
			target = C18B228D1D7A25990008A65B /* Arena v1 */;
			targetProxy = C18B22A71D7A259A0008A65B /* PBXContainerItemProxy */;
		};
		C18B22B31D7A259A0008A65B /* PBXTargetDependency */ = {
			isa = PBXTargetDependency;
			target = C18B228D1D7A25990008A65B /* Arena v1 */;
			targetProxy = C18B22B21D7A259A0008A65B /* PBXContainerItemProxy */;
		};
/* End PBXTargetDependency section */

/* Begin PBXVariantGroup section */
		C18B22991D7A25990008A65B /* Main.storyboard */ = {
			isa = PBXVariantGroup;
			children = (
				C18B229A1D7A25990008A65B /* Base */,
			);
			name = Main.storyboard;
			path = "Arena v1";
			sourceTree = "<group>";
		};
		C18B229E1D7A25990008A65B /* LaunchScreen.storyboard */ = {
			isa = PBXVariantGroup;
			children = (
				C18B229F1D7A25990008A65B /* Base */,
			);
			name = LaunchScreen.storyboard;
			path = "Arena v1";
			sourceTree = "<group>";
		};
/* End PBXVariantGroup section */

/* Begin XCBuildConfiguration section */
		C18B22B81D7A259A0008A65B /* Debug */ = {
			isa = XCBuildConfiguration;
			buildSettings = {
				ALWAYS_SEARCH_USER_PATHS = NO;
				CLANG_ANALYZER_NONNULL = YES;
				CLANG_CXX_LANGUAGE_STANDARD = "gnu++0x";
				CLANG_CXX_LIBRARY = "libc++";
				CLANG_ENABLE_MODULES = YES;
				CLANG_ENABLE_OBJC_ARC = YES;
				CLANG_WARN_BOOL_CONVERSION = YES;
				CLANG_WARN_CONSTANT_CONVERSION = YES;
				CLANG_WARN_DIRECT_OBJC_ISA_USAGE = YES_ERROR;
				CLANG_WARN_EMPTY_BODY = YES;
				CLANG_WARN_ENUM_CONVERSION = YES;
				CLANG_WARN_INT_CONVERSION = YES;
				CLANG_WARN_OBJC_ROOT_CLASS = YES_ERROR;
				CLANG_WARN_UNREACHABLE_CODE = YES;
				CLANG_WARN__DUPLICATE_METHOD_MATCH = YES;
				"CODE_SIGN_IDENTITY[sdk=iphoneos*]" = "iPhone Developer";
				COPY_PHASE_STRIP = NO;
				DEBUG_INFORMATION_FORMAT = "dwarf-with-dsym";
				ENABLE_STRICT_OBJC_MSGSEND = YES;
				ENABLE_TESTABILITY = YES;
				GCC_C_LANGUAGE_STANDARD = gnu99;
				GCC_DYNAMIC_NO_PIC = NO;
				GCC_NO_COMMON_BLOCKS = YES;
				GCC_OPTIMIZATION_LEVEL = 0;
				GCC_PREPROCESSOR_DEFINITIONS = (
					"DEBUG=1",
					"$(inherited)",
				);
				GCC_WARN_64_TO_32_BIT_CONVERSION = YES;
				GCC_WARN_ABOUT_RETURN_TYPE = YES_ERROR;
				GCC_WARN_UNDECLARED_SELECTOR = YES;
				GCC_WARN_UNINITIALIZED_AUTOS = YES_AGGRESSIVE;
				GCC_WARN_UNUSED_FUNCTION = YES;
				GCC_WARN_UNUSED_VARIABLE = YES;
				IPHONEOS_DEPLOYMENT_TARGET = 9.3;
				MTL_ENABLE_DEBUG_INFO = YES;
				ONLY_ACTIVE_ARCH = YES;
				SDKROOT = iphoneos;
				SWIFT_OPTIMIZATION_LEVEL = "-Onone";
				TARGETED_DEVICE_FAMILY = "1,2";
			};
			name = Debug;
		};
		C18B22B91D7A259A0008A65B /* Release */ = {
			isa = XCBuildConfiguration;
			buildSettings = {
				ALWAYS_SEARCH_USER_PATHS = NO;
				CLANG_ANALYZER_NONNULL = YES;
				CLANG_CXX_LANGUAGE_STANDARD = "gnu++0x";
				CLANG_CXX_LIBRARY = "libc++";
				CLANG_ENABLE_MODULES = YES;
				CLANG_ENABLE_OBJC_ARC = YES;
				CLANG_WARN_BOOL_CONVERSION = YES;
				CLANG_WARN_CONSTANT_CONVERSION = YES;
				CLANG_WARN_DIRECT_OBJC_ISA_USAGE = YES_ERROR;
				CLANG_WARN_EMPTY_BODY = YES;
				CLANG_WARN_ENUM_CONVERSION = YES;
				CLANG_WARN_INT_CONVERSION = YES;
				CLANG_WARN_OBJC_ROOT_CLASS = YES_ERROR;
				CLANG_WARN_UNREACHABLE_CODE = YES;
				CLANG_WARN__DUPLICATE_METHOD_MATCH = YES;
				"CODE_SIGN_IDENTITY[sdk=iphoneos*]" = "iPhone Developer";
				COPY_PHASE_STRIP = NO;
				DEBUG_INFORMATION_FORMAT = "dwarf-with-dsym";
				ENABLE_NS_ASSERTIONS = NO;
				ENABLE_STRICT_OBJC_MSGSEND = YES;
				GCC_C_LANGUAGE_STANDARD = gnu99;
				GCC_NO_COMMON_BLOCKS = YES;
				GCC_WARN_64_TO_32_BIT_CONVERSION = YES;
				GCC_WARN_ABOUT_RETURN_TYPE = YES_ERROR;
				GCC_WARN_UNDECLARED_SELECTOR = YES;
				GCC_WARN_UNINITIALIZED_AUTOS = YES_AGGRESSIVE;
				GCC_WARN_UNUSED_FUNCTION = YES;
				GCC_WARN_UNUSED_VARIABLE = YES;
				IPHONEOS_DEPLOYMENT_TARGET = 9.3;
				MTL_ENABLE_DEBUG_INFO = NO;
				SDKROOT = iphoneos;
				TARGETED_DEVICE_FAMILY = "1,2";
				VALIDATE_PRODUCT = YES;
			};
			name = Release;
		};
		C18B22BB1D7A259A0008A65B /* Debug */ = {
			isa = XCBuildConfiguration;
			buildSettings = {
				ASSETCATALOG_COMPILER_APPICON_NAME = AppIcon;
				CODE_SIGN_IDENTITY = "iPhone Developer";
				"CODE_SIGN_IDENTITY[sdk=iphoneos*]" = "iPhone Developer";
				INFOPLIST_FILE = "Arena v1/Info.plist";
				IPHONEOS_DEPLOYMENT_TARGET = 9.1;
				LD_RUNPATH_SEARCH_PATHS = "$(inherited) @executable_path/Frameworks";
				PRODUCT_BUNDLE_IDENTIFIER = "Ziggly.Arena-v1";
				PRODUCT_NAME = "$(TARGET_NAME)";
				PROVISIONING_PROFILE = "";
			};
			name = Debug;
		};
		C18B22BC1D7A259A0008A65B /* Release */ = {
			isa = XCBuildConfiguration;
			buildSettings = {
				ASSETCATALOG_COMPILER_APPICON_NAME = AppIcon;
				CODE_SIGN_IDENTITY = "iPhone Developer";
				"CODE_SIGN_IDENTITY[sdk=iphoneos*]" = "iPhone Developer";
				INFOPLIST_FILE = "Arena v1/Info.plist";
				IPHONEOS_DEPLOYMENT_TARGET = 9.1;
				LD_RUNPATH_SEARCH_PATHS = "$(inherited) @executable_path/Frameworks";
				PRODUCT_BUNDLE_IDENTIFIER = "Ziggly.Arena-v1";
				PRODUCT_NAME = "$(TARGET_NAME)";
				PROVISIONING_PROFILE = "";
			};
			name = Release;
		};
		C18B22BE1D7A259A0008A65B /* Debug */ = {
			isa = XCBuildConfiguration;
			buildSettings = {
				BUNDLE_LOADER = "$(TEST_HOST)";
				DEBUG_INFORMATION_FORMAT = dwarf;
				INFOPLIST_FILE = "Arena v1Tests/Info.plist";
				LD_RUNPATH_SEARCH_PATHS = "$(inherited) @executable_path/Frameworks @loader_path/Frameworks";
				PRODUCT_BUNDLE_IDENTIFIER = "Ziggly.Arena-v1Tests";
				PRODUCT_NAME = "$(TARGET_NAME)";
				TEST_HOST = "$(BUILT_PRODUCTS_DIR)/Arena v1.app/Arena v1";
			};
			name = Debug;
		};
		C18B22BF1D7A259A0008A65B /* Release */ = {
			isa = XCBuildConfiguration;
			buildSettings = {
				BUNDLE_LOADER = "$(TEST_HOST)";
				INFOPLIST_FILE = "Arena v1Tests/Info.plist";
				LD_RUNPATH_SEARCH_PATHS = "$(inherited) @executable_path/Frameworks @loader_path/Frameworks";
				PRODUCT_BUNDLE_IDENTIFIER = "Ziggly.Arena-v1Tests";
				PRODUCT_NAME = "$(TARGET_NAME)";
				TEST_HOST = "$(BUILT_PRODUCTS_DIR)/Arena v1.app/Arena v1";
			};
			name = Release;
		};
		C18B22C11D7A259A0008A65B /* Debug */ = {
			isa = XCBuildConfiguration;
			buildSettings = {
				DEBUG_INFORMATION_FORMAT = dwarf;
				INFOPLIST_FILE = "Arena v1UITests/Info.plist";
				LD_RUNPATH_SEARCH_PATHS = "$(inherited) @executable_path/Frameworks @loader_path/Frameworks";
				PRODUCT_BUNDLE_IDENTIFIER = "Ziggly.Arena-v1UITests";
				PRODUCT_NAME = "$(TARGET_NAME)";
				TEST_TARGET_NAME = "Arena v1";
			};
			name = Debug;
		};
		C18B22C21D7A259A0008A65B /* Release */ = {
			isa = XCBuildConfiguration;
			buildSettings = {
				INFOPLIST_FILE = "Arena v1UITests/Info.plist";
				LD_RUNPATH_SEARCH_PATHS = "$(inherited) @executable_path/Frameworks @loader_path/Frameworks";
				PRODUCT_BUNDLE_IDENTIFIER = "Ziggly.Arena-v1UITests";
				PRODUCT_NAME = "$(TARGET_NAME)";
				TEST_TARGET_NAME = "Arena v1";
			};
			name = Release;
		};
/* End XCBuildConfiguration section */

/* Begin XCConfigurationList section */
		C18B22891D7A25990008A65B /* Build configuration list for PBXProject "Arena v1" */ = {
			isa = XCConfigurationList;
			buildConfigurations = (
				C18B22B81D7A259A0008A65B /* Debug */,
				C18B22B91D7A259A0008A65B /* Release */,
			);
			defaultConfigurationIsVisible = 0;
			defaultConfigurationName = Release;
		};
		C18B22BA1D7A259A0008A65B /* Build configuration list for PBXNativeTarget "Arena v1" */ = {
			isa = XCConfigurationList;
			buildConfigurations = (
				C18B22BB1D7A259A0008A65B /* Debug */,
				C18B22BC1D7A259A0008A65B /* Release */,
			);
			defaultConfigurationIsVisible = 0;
			defaultConfigurationName = Release;
		};
		C18B22BD1D7A259A0008A65B /* Build configuration list for PBXNativeTarget "Arena v1Tests" */ = {
			isa = XCConfigurationList;
			buildConfigurations = (
				C18B22BE1D7A259A0008A65B /* Debug */,
				C18B22BF1D7A259A0008A65B /* Release */,
			);
			defaultConfigurationIsVisible = 0;
			defaultConfigurationName = Release;
		};
		C18B22C01D7A259A0008A65B /* Build configuration list for PBXNativeTarget "Arena v1UITests" */ = {
			isa = XCConfigurationList;
			buildConfigurations = (
				C18B22C11D7A259A0008A65B /* Debug */,
				C18B22C21D7A259A0008A65B /* Release */,
			);
			defaultConfigurationIsVisible = 0;
			defaultConfigurationName = Release;
		};
/* End XCConfigurationList section */
	};
	rootObject = C18B22861D7A25990008A65B /* Project object */;
}
